
Microsoft Visual Studio Solution File, Format Version 12.00
# Visual Studio Version 17
VisualStudioVersion = 17.5.002.0
MinimumVisualStudioVersion = 10.0.40219.1
Project("{9A19103F-16F7-4668-BE54-9A1E7A4F7556}") = "WeatherApp", "WeatherApp.csproj", "{23F9C24A-8B28-4AD3-991F-2CA95DF68A0F}"
EndProject
Global
	GlobalSection(SolutionConfigurationPlatforms) = preSolution
		Debug|Any CPU = Debug|Any CPU
		Release|Any CPU = Release|Any CPU
	EndGlobalSection
	GlobalSection(ProjectConfigurationPlatforms) = postSolution
		{23F9C24A-8B28-4AD3-991F-2CA95DF68A0F}.Debug|Any CPU.ActiveCfg = Debug|Any CPU
		{23F9C24A-8B28-4AD3-991F-2CA95DF68A0F}.Debug|Any CPU.Build.0 = Debug|Any CPU
		{23F9C24A-8B28-4AD3-991F-2CA95DF68A0F}.Release|Any CPU.ActiveCfg = Release|Any CPU
		{23F9C24A-8B28-4AD3-991F-2CA95DF68A0F}.Release|Any CPU.Build.0 = Release|Any CPU
	EndGlobalSection
	GlobalSection(SolutionProperties) = preSolution
		HideSolutionNode = FALSE
	EndGlobalSection
	GlobalSection(ExtensibilityGlobals) = postSolution
		SolutionGuid = {1B17CF55-D310-4BE8-9DDA-362CA2ECAD56}
	EndGlobalSection
EndGlobal
